// !$*UTF8*$!
{
	archiveVersion = 1;
	classes = {
	};
	objectVersion = 70;
	objects = {

/* Begin PBXBuildFile section */
		082A882226C753C900954A11 /* UUBluetoothScanner.swift in Sources */ = {isa = PBXBuildFile; fileRef = 082A882126C753C900954A11 /* UUBluetoothScanner.swift */; };
		082A882526C7542200954A11 /* UUCoreBluetoothPeripheral.swift in Sources */ = {isa = PBXBuildFile; fileRef = 082A882426C7542200954A11 /* UUCoreBluetoothPeripheral.swift */; };
		082A882726C756B400954A11 /* UUPeripheralFilter.swift in Sources */ = {isa = PBXBuildFile; fileRef = 082A882626C756B400954A11 /* UUPeripheralFilter.swift */; };
		082A882926C757BD00954A11 /* UUCentralManager.swift in Sources */ = {isa = PBXBuildFile; fileRef = 082A882826C757BD00954A11 /* UUCentralManager.swift */; };
		082A882B26C75A7C00954A11 /* UUCoreBluetoothErrorCode.swift in Sources */ = {isa = PBXBuildFile; fileRef = 082A882A26C75A7C00954A11 /* UUCoreBluetoothErrorCode.swift */; };
		082A883126C75BE300954A11 /* CBCharacteristic+Extensions.swift in Sources */ = {isa = PBXBuildFile; fileRef = 082A883026C75BE300954A11 /* CBCharacteristic+Extensions.swift */; };
		082A883326C75C4C00954A11 /* UUCentralManagerDelegate.swift in Sources */ = {isa = PBXBuildFile; fileRef = 082A883226C75C4C00954A11 /* UUCentralManagerDelegate.swift */; };
		082A883526C75C5900954A11 /* UUPeripheralDelegate.swift in Sources */ = {isa = PBXBuildFile; fileRef = 082A883426C75C5900954A11 /* UUPeripheralDelegate.swift */; };
		082A883726C760C200954A11 /* Error+Extensions.swift in Sources */ = {isa = PBXBuildFile; fileRef = 082A883626C760C200954A11 /* Error+Extensions.swift */; };
		082A88B526CC8A0200954A11 /* CBUUID+Extensions.swift in Sources */ = {isa = PBXBuildFile; fileRef = 082A88B426CC8A0200954A11 /* CBUUID+Extensions.swift */; };
		083F066A26CF512B002780A1 /* SettingsViewController.swift in Sources */ = {isa = PBXBuildFile; fileRef = 083F066926CF512B002780A1 /* SettingsViewController.swift */; };
		083F067326D2E8E1002780A1 /* UUBluetoothAdvertisement.swift in Sources */ = {isa = PBXBuildFile; fileRef = 083F067226D2E8E1002780A1 /* UUBluetoothAdvertisement.swift */; };
		083F067526D2EE82002780A1 /* UUCentralManagerFactory.swift in Sources */ = {isa = PBXBuildFile; fileRef = 083F067426D2EE82002780A1 /* UUCentralManagerFactory.swift */; };
		083F067726D2F168002780A1 /* DispatchQueue+Extensions.swift in Sources */ = {isa = PBXBuildFile; fileRef = 083F067626D2F168002780A1 /* DispatchQueue+Extensions.swift */; };
		0882EDFF2CE10E1E005FC76D /* CBPeripheralEnums+Extensions.swift in Sources */ = {isa = PBXBuildFile; fileRef = 0882EDFE2CE10E0B005FC76D /* CBPeripheralEnums+Extensions.swift */; };
		0882EE312CE5B844005FC76D /* UUBluetoothScanSettings.swift in Sources */ = {isa = PBXBuildFile; fileRef = 0882EE302CE5B844005FC76D /* UUBluetoothScanSettings.swift */; };
		0894C37D2D0BF004009A6063 /* UUPeripheralSorting.swift in Sources */ = {isa = PBXBuildFile; fileRef = 0894C37C2D0BF004009A6063 /* UUPeripheralSorting.swift */; };
		0894C3AE2D1092C8009A6063 /* UUCoreBluetooth.swift in Sources */ = {isa = PBXBuildFile; fileRef = 0894C3AD2D1092C8009A6063 /* UUCoreBluetooth.swift */; };
		08A2092126C7092B008F3534 /* AppDelegate.swift in Sources */ = {isa = PBXBuildFile; fileRef = 08A2092026C7092B008F3534 /* AppDelegate.swift */; };
		08A2092326C7092B008F3534 /* SceneDelegate.swift in Sources */ = {isa = PBXBuildFile; fileRef = 08A2092226C7092B008F3534 /* SceneDelegate.swift */; };
		08A2092526C7092B008F3534 /* ViewController.swift in Sources */ = {isa = PBXBuildFile; fileRef = 08A2092426C7092B008F3534 /* ViewController.swift */; };
		08A2092826C7092B008F3534 /* Main.storyboard in Resources */ = {isa = PBXBuildFile; fileRef = 08A2092626C7092B008F3534 /* Main.storyboard */; };
		08A2092A26C7092E008F3534 /* Assets.xcassets in Resources */ = {isa = PBXBuildFile; fileRef = 08A2092926C7092E008F3534 /* Assets.xcassets */; };
		08A2092D26C7092E008F3534 /* LaunchScreen.storyboard in Resources */ = {isa = PBXBuildFile; fileRef = 08A2092B26C7092E008F3534 /* LaunchScreen.storyboard */; };
		08A2093326C70B5D008F3534 /* PeripheralTableRow.swift in Sources */ = {isa = PBXBuildFile; fileRef = 08A2093226C70B5D008F3534 /* PeripheralTableRow.swift */; };
		08A2093526C70E3D008F3534 /* UUSwiftBluetooth.framework in Frameworks */ = {isa = PBXBuildFile; fileRef = C5C67CBD26C6098F004DF50D /* UUSwiftBluetooth.framework */; };
		08A2093626C70E3D008F3534 /* UUSwiftBluetooth.framework in Embed Frameworks */ = {isa = PBXBuildFile; fileRef = C5C67CBD26C6098F004DF50D /* UUSwiftBluetooth.framework */; settings = {ATTRIBUTES = (CodeSignOnCopy, RemoveHeadersOnCopy, ); }; };
		08A7AAD726E9404E00E7254A /* CustomPeripheral.swift in Sources */ = {isa = PBXBuildFile; fileRef = 08A7AAD626E9404E00E7254A /* CustomPeripheral.swift */; };
		08A7AAD926EA794B00E7254A /* PeripheralView.swift in Sources */ = {isa = PBXBuildFile; fileRef = 08A7AAD826EA794B00E7254A /* PeripheralView.swift */; };
		08A7AADB26EA962B00E7254A /* ServiceRowView.swift in Sources */ = {isa = PBXBuildFile; fileRef = 08A7AADA26EA962B00E7254A /* ServiceRowView.swift */; };
		08A7AADD26EA988600E7254A /* LabelValueRowView.swift in Sources */ = {isa = PBXBuildFile; fileRef = 08A7AADC26EA988600E7254A /* LabelValueRowView.swift */; };
		08A7AADF26EA9A1800E7254A /* SectionHeaderView.swift in Sources */ = {isa = PBXBuildFile; fileRef = 08A7AADE26EA9A1800E7254A /* SectionHeaderView.swift */; };
		08A7AAE126EA9B9300E7254A /* ServiceView.swift in Sources */ = {isa = PBXBuildFile; fileRef = 08A7AAE026EA9B9300E7254A /* ServiceView.swift */; };
		08A7AAE326EAA48A00E7254A /* CharacteristicRowView.swift in Sources */ = {isa = PBXBuildFile; fileRef = 08A7AAE226EAA48A00E7254A /* CharacteristicRowView.swift */; };
		08ECB0A5275E728100502735 /* ReadDeviceInfoOperation.swift in Sources */ = {isa = PBXBuildFile; fileRef = 08ECB0A4275E728100502735 /* ReadDeviceInfoOperation.swift */; };
		08ECB0A7275E744A00502735 /* UUBluetoothConstants.swift in Sources */ = {isa = PBXBuildFile; fileRef = 08ECB0A6275E744A00502735 /* UUBluetoothConstants.swift */; };
		08F620212C27A79B00A93EDC /* UUBluetoothSniffer.swift in Sources */ = {isa = PBXBuildFile; fileRef = 08F620202C27A79B00A93EDC /* UUBluetoothSniffer.swift */; };
		08F620292C27AAD900A93EDC /* UUSwiftBluetoothTests.swift in Sources */ = {isa = PBXBuildFile; fileRef = 08F620282C27AAD900A93EDC /* UUSwiftBluetoothTests.swift */; };
		08F620322C27B72500A93EDC /* UUSwiftTestCore in Frameworks */ = {isa = PBXBuildFile; productRef = 08F620312C27B72500A93EDC /* UUSwiftTestCore */; };
		08F6203A2C27BB8D00A93EDC /* UUSwiftBluetoothTestHostApp.swift in Sources */ = {isa = PBXBuildFile; fileRef = 08F620392C27BB8D00A93EDC /* UUSwiftBluetoothTestHostApp.swift */; };
		08F6203C2C27BB8D00A93EDC /* ContentView.swift in Sources */ = {isa = PBXBuildFile; fileRef = 08F6203B2C27BB8D00A93EDC /* ContentView.swift */; };
		08F6203E2C27BB8D00A93EDC /* Assets.xcassets in Resources */ = {isa = PBXBuildFile; fileRef = 08F6203D2C27BB8D00A93EDC /* Assets.xcassets */; };
		08F620412C27BB8D00A93EDC /* Preview Assets.xcassets in Resources */ = {isa = PBXBuildFile; fileRef = 08F620402C27BB8D00A93EDC /* Preview Assets.xcassets */; };
		08F620472C27BC4000A93EDC /* UUSwiftBluetooth.framework in Frameworks */ = {isa = PBXBuildFile; fileRef = C5C67CBD26C6098F004DF50D /* UUSwiftBluetooth.framework */; };
		08F620482C27BC4000A93EDC /* UUSwiftBluetooth.framework in Embed Frameworks */ = {isa = PBXBuildFile; fileRef = C5C67CBD26C6098F004DF50D /* UUSwiftBluetooth.framework */; settings = {ATTRIBUTES = (CodeSignOnCopy, RemoveHeadersOnCopy, ); }; };
		08F6204A2C27BC5000A93EDC /* UUSwiftBluetooth.framework in Frameworks */ = {isa = PBXBuildFile; fileRef = C5C67CBD26C6098F004DF50D /* UUSwiftBluetooth.framework */; };
		08F6204B2C27BC5000A93EDC /* UUSwiftBluetooth.framework in Embed Frameworks */ = {isa = PBXBuildFile; fileRef = C5C67CBD26C6098F004DF50D /* UUSwiftBluetooth.framework */; settings = {ATTRIBUTES = (CodeSignOnCopy, RemoveHeadersOnCopy, ); }; };
		0D5C78A32AB38666007C03D8 /* L2CapClientController.swift in Sources */ = {isa = PBXBuildFile; fileRef = 0D5C78A22AB38666007C03D8 /* L2CapClientController.swift */; };
		0D5C78A52AB518A8007C03D8 /* L2CapServerController.swift in Sources */ = {isa = PBXBuildFile; fileRef = 0D5C78A42AB518A8007C03D8 /* L2CapServerController.swift */; };
		0D5C78C32ABC84C6007C03D8 /* UUL2CapChannel.swift in Sources */ = {isa = PBXBuildFile; fileRef = 0D5C78C22ABC84C6007C03D8 /* UUL2CapChannel.swift */; };
		0D5C78CF2AC336E8007C03D8 /* UUL2CapServer.swift in Sources */ = {isa = PBXBuildFile; fileRef = 0D5C78CE2AC336E8007C03D8 /* UUL2CapServer.swift */; };
		0DBFEE2D2AC5AFC80064031A /* L2CapController.swift in Sources */ = {isa = PBXBuildFile; fileRef = 0DBFEE2C2AC5AFC80064031A /* L2CapController.swift */; };
		0DBFEE322AC644710064031A /* image_one.jpg in Resources */ = {isa = PBXBuildFile; fileRef = 0DBFEE312AC644710064031A /* image_one.jpg */; };
		0DBFEE342AC644A80064031A /* image_two.jpg in Resources */ = {isa = PBXBuildFile; fileRef = 0DBFEE332AC644A80064031A /* image_two.jpg */; };
		C5C67CC226C6098F004DF50D /* UUSwiftBluetooth.h in Headers */ = {isa = PBXBuildFile; fileRef = C5C67CC026C6098F004DF50D /* UUSwiftBluetooth.h */; settings = {ATTRIBUTES = (Public, ); }; };
		C5C67CD026C60A0E004DF50D /* UUSwiftCore in Frameworks */ = {isa = PBXBuildFile; productRef = C5C67CCF26C60A0E004DF50D /* UUSwiftCore */; };
/* End PBXBuildFile section */

/* Begin PBXContainerItemProxy section */
		08A2093726C70E3D008F3534 /* PBXContainerItemProxy */ = {
			isa = PBXContainerItemProxy;
			containerPortal = C5C67CB426C6098E004DF50D /* Project object */;
			proxyType = 1;
			remoteGlobalIDString = C5C67CBC26C6098E004DF50D;
			remoteInfo = UUSwiftBluetooth;
		};
		08F6202B2C27AAD900A93EDC /* PBXContainerItemProxy */ = {
			isa = PBXContainerItemProxy;
			containerPortal = C5C67CB426C6098E004DF50D /* Project object */;
			proxyType = 1;
			remoteGlobalIDString = C5C67CBC26C6098E004DF50D;
			remoteInfo = UUSwiftBluetooth;
		};
		08F620452C27BB9500A93EDC /* PBXContainerItemProxy */ = {
			isa = PBXContainerItemProxy;
			containerPortal = C5C67CB426C6098E004DF50D /* Project object */;
			proxyType = 1;
			remoteGlobalIDString = 08F620362C27BB8D00A93EDC;
			remoteInfo = UUSwiftBluetoothTestHost;
		};
		08F6204C2C27BC5000A93EDC /* PBXContainerItemProxy */ = {
			isa = PBXContainerItemProxy;
			containerPortal = C5C67CB426C6098E004DF50D /* Project object */;
			proxyType = 1;
			remoteGlobalIDString = C5C67CBC26C6098E004DF50D;
			remoteInfo = UUSwiftBluetooth;
		};
/* End PBXContainerItemProxy section */

/* Begin PBXCopyFilesBuildPhase section */
		08A2093926C70E3D008F3534 /* Embed Frameworks */ = {
			isa = PBXCopyFilesBuildPhase;
			buildActionMask = 2147483647;
			dstPath = "";
			dstSubfolderSpec = 10;
			files = (
				08A2093626C70E3D008F3534 /* UUSwiftBluetooth.framework in Embed Frameworks */,
			);
			name = "Embed Frameworks";
			runOnlyForDeploymentPostprocessing = 0;
		};
		08F620492C27BC4000A93EDC /* Embed Frameworks */ = {
			isa = PBXCopyFilesBuildPhase;
			buildActionMask = 2147483647;
			dstPath = "";
			dstSubfolderSpec = 10;
			files = (
				08F620482C27BC4000A93EDC /* UUSwiftBluetooth.framework in Embed Frameworks */,
			);
			name = "Embed Frameworks";
			runOnlyForDeploymentPostprocessing = 0;
		};
		08F6204E2C27BC5000A93EDC /* Embed Frameworks */ = {
			isa = PBXCopyFilesBuildPhase;
			buildActionMask = 2147483647;
			dstPath = "";
			dstSubfolderSpec = 10;
			files = (
				08F6204B2C27BC5000A93EDC /* UUSwiftBluetooth.framework in Embed Frameworks */,
			);
			name = "Embed Frameworks";
			runOnlyForDeploymentPostprocessing = 0;
		};
/* End PBXCopyFilesBuildPhase section */

/* Begin PBXFileReference section */
		082A882126C753C900954A11 /* UUBluetoothScanner.swift */ = {isa = PBXFileReference; fileEncoding = 4; lastKnownFileType = sourcecode.swift; path = UUBluetoothScanner.swift; sourceTree = "<group>"; };
		082A882426C7542200954A11 /* UUCoreBluetoothPeripheral.swift */ = {isa = PBXFileReference; lastKnownFileType = sourcecode.swift; path = UUCoreBluetoothPeripheral.swift; sourceTree = "<group>"; };
		082A882626C756B400954A11 /* UUPeripheralFilter.swift */ = {isa = PBXFileReference; lastKnownFileType = sourcecode.swift; path = UUPeripheralFilter.swift; sourceTree = "<group>"; };
		082A882826C757BD00954A11 /* UUCentralManager.swift */ = {isa = PBXFileReference; lastKnownFileType = sourcecode.swift; path = UUCentralManager.swift; sourceTree = "<group>"; };
		082A882A26C75A7C00954A11 /* UUCoreBluetoothErrorCode.swift */ = {isa = PBXFileReference; lastKnownFileType = sourcecode.swift; path = UUCoreBluetoothErrorCode.swift; sourceTree = "<group>"; };
		082A883026C75BE300954A11 /* CBCharacteristic+Extensions.swift */ = {isa = PBXFileReference; lastKnownFileType = sourcecode.swift; path = "CBCharacteristic+Extensions.swift"; sourceTree = "<group>"; };
		082A883226C75C4C00954A11 /* UUCentralManagerDelegate.swift */ = {isa = PBXFileReference; lastKnownFileType = sourcecode.swift; path = UUCentralManagerDelegate.swift; sourceTree = "<group>"; };
		082A883426C75C5900954A11 /* UUPeripheralDelegate.swift */ = {isa = PBXFileReference; lastKnownFileType = sourcecode.swift; path = UUPeripheralDelegate.swift; sourceTree = "<group>"; };
		082A883626C760C200954A11 /* Error+Extensions.swift */ = {isa = PBXFileReference; lastKnownFileType = sourcecode.swift; path = "Error+Extensions.swift"; sourceTree = "<group>"; };
		082A88B426CC8A0200954A11 /* CBUUID+Extensions.swift */ = {isa = PBXFileReference; lastKnownFileType = sourcecode.swift; path = "CBUUID+Extensions.swift"; sourceTree = "<group>"; };
		083F066926CF512B002780A1 /* SettingsViewController.swift */ = {isa = PBXFileReference; lastKnownFileType = sourcecode.swift; path = SettingsViewController.swift; sourceTree = "<group>"; };
		083F067226D2E8E1002780A1 /* UUBluetoothAdvertisement.swift */ = {isa = PBXFileReference; lastKnownFileType = sourcecode.swift; path = UUBluetoothAdvertisement.swift; sourceTree = "<group>"; };
		083F067426D2EE82002780A1 /* UUCentralManagerFactory.swift */ = {isa = PBXFileReference; lastKnownFileType = sourcecode.swift; path = UUCentralManagerFactory.swift; sourceTree = "<group>"; };
		083F067626D2F168002780A1 /* DispatchQueue+Extensions.swift */ = {isa = PBXFileReference; lastKnownFileType = sourcecode.swift; path = "DispatchQueue+Extensions.swift"; sourceTree = "<group>"; };
		0882EDFE2CE10E0B005FC76D /* CBPeripheralEnums+Extensions.swift */ = {isa = PBXFileReference; lastKnownFileType = sourcecode.swift; path = "CBPeripheralEnums+Extensions.swift"; sourceTree = "<group>"; };
		0882EE302CE5B844005FC76D /* UUBluetoothScanSettings.swift */ = {isa = PBXFileReference; lastKnownFileType = sourcecode.swift; path = UUBluetoothScanSettings.swift; sourceTree = "<group>"; };
		0894C37C2D0BF004009A6063 /* UUPeripheralSorting.swift */ = {isa = PBXFileReference; lastKnownFileType = sourcecode.swift; path = UUPeripheralSorting.swift; sourceTree = "<group>"; };
		0894C3AD2D1092C8009A6063 /* UUCoreBluetooth.swift */ = {isa = PBXFileReference; lastKnownFileType = sourcecode.swift; path = UUCoreBluetooth.swift; sourceTree = "<group>"; };
		08A2090826C70780008F3534 /* UUTimer.m */ = {isa = PBXFileReference; fileEncoding = 4; lastKnownFileType = sourcecode.c.objc; path = UUTimer.m; sourceTree = "<group>"; };
		08A2090926C70780008F3534 /* UUString.h */ = {isa = PBXFileReference; fileEncoding = 4; lastKnownFileType = sourcecode.c.h; path = UUString.h; sourceTree = "<group>"; };
		08A2090A26C70780008F3534 /* UUCoreBluetooth.m */ = {isa = PBXFileReference; fileEncoding = 4; lastKnownFileType = sourcecode.c.objc; path = UUCoreBluetooth.m; sourceTree = "<group>"; };
		08A2090B26C70780008F3534 /* UUDictionary.m */ = {isa = PBXFileReference; fileEncoding = 4; lastKnownFileType = sourcecode.c.objc; path = UUDictionary.m; sourceTree = "<group>"; };
		08A2090C26C70780008F3534 /* UUString.m */ = {isa = PBXFileReference; fileEncoding = 4; lastKnownFileType = sourcecode.c.objc; path = UUString.m; sourceTree = "<group>"; };
		08A2090D26C70780008F3534 /* UUTimer.h */ = {isa = PBXFileReference; fileEncoding = 4; lastKnownFileType = sourcecode.c.h; path = UUTimer.h; sourceTree = "<group>"; };
		08A2090E26C70780008F3534 /* UUCoreBluetooth.h */ = {isa = PBXFileReference; fileEncoding = 4; lastKnownFileType = sourcecode.c.h; path = UUCoreBluetooth.h; sourceTree = "<group>"; };
		08A2090F26C70780008F3534 /* UUMacros.h */ = {isa = PBXFileReference; fileEncoding = 4; lastKnownFileType = sourcecode.c.h; path = UUMacros.h; sourceTree = "<group>"; };
		08A2091026C70780008F3534 /* UUDictionary.h */ = {isa = PBXFileReference; fileEncoding = 4; lastKnownFileType = sourcecode.c.h; path = UUDictionary.h; sourceTree = "<group>"; };
		08A2091E26C7092B008F3534 /* UUSwiftBluetoothTester.app */ = {isa = PBXFileReference; explicitFileType = wrapper.application; includeInIndex = 0; path = UUSwiftBluetoothTester.app; sourceTree = BUILT_PRODUCTS_DIR; };
		08A2092026C7092B008F3534 /* AppDelegate.swift */ = {isa = PBXFileReference; lastKnownFileType = sourcecode.swift; path = AppDelegate.swift; sourceTree = "<group>"; };
		08A2092226C7092B008F3534 /* SceneDelegate.swift */ = {isa = PBXFileReference; lastKnownFileType = sourcecode.swift; path = SceneDelegate.swift; sourceTree = "<group>"; };
		08A2092426C7092B008F3534 /* ViewController.swift */ = {isa = PBXFileReference; lastKnownFileType = sourcecode.swift; path = ViewController.swift; sourceTree = "<group>"; };
		08A2092726C7092B008F3534 /* Base */ = {isa = PBXFileReference; lastKnownFileType = file.storyboard; name = Base; path = Base.lproj/Main.storyboard; sourceTree = "<group>"; };
		08A2092926C7092E008F3534 /* Assets.xcassets */ = {isa = PBXFileReference; lastKnownFileType = folder.assetcatalog; path = Assets.xcassets; sourceTree = "<group>"; };
		08A2092C26C7092E008F3534 /* Base */ = {isa = PBXFileReference; lastKnownFileType = file.storyboard; name = Base; path = Base.lproj/LaunchScreen.storyboard; sourceTree = "<group>"; };
		08A2092E26C7092E008F3534 /* Info.plist */ = {isa = PBXFileReference; lastKnownFileType = text.plist.xml; path = Info.plist; sourceTree = "<group>"; };
		08A2093226C70B5D008F3534 /* PeripheralTableRow.swift */ = {isa = PBXFileReference; lastKnownFileType = sourcecode.swift; path = PeripheralTableRow.swift; sourceTree = "<group>"; };
		08A7AAD626E9404E00E7254A /* CustomPeripheral.swift */ = {isa = PBXFileReference; lastKnownFileType = sourcecode.swift; path = CustomPeripheral.swift; sourceTree = "<group>"; };
		08A7AAD826EA794B00E7254A /* PeripheralView.swift */ = {isa = PBXFileReference; lastKnownFileType = sourcecode.swift; path = PeripheralView.swift; sourceTree = "<group>"; };
		08A7AADA26EA962B00E7254A /* ServiceRowView.swift */ = {isa = PBXFileReference; lastKnownFileType = sourcecode.swift; path = ServiceRowView.swift; sourceTree = "<group>"; };
		08A7AADC26EA988600E7254A /* LabelValueRowView.swift */ = {isa = PBXFileReference; lastKnownFileType = sourcecode.swift; path = LabelValueRowView.swift; sourceTree = "<group>"; };
		08A7AADE26EA9A1800E7254A /* SectionHeaderView.swift */ = {isa = PBXFileReference; lastKnownFileType = sourcecode.swift; path = SectionHeaderView.swift; sourceTree = "<group>"; };
		08A7AAE026EA9B9300E7254A /* ServiceView.swift */ = {isa = PBXFileReference; lastKnownFileType = sourcecode.swift; path = ServiceView.swift; sourceTree = "<group>"; };
		08A7AAE226EAA48A00E7254A /* CharacteristicRowView.swift */ = {isa = PBXFileReference; lastKnownFileType = sourcecode.swift; path = CharacteristicRowView.swift; sourceTree = "<group>"; };
		08ECB0A4275E728100502735 /* ReadDeviceInfoOperation.swift */ = {isa = PBXFileReference; lastKnownFileType = sourcecode.swift; path = ReadDeviceInfoOperation.swift; sourceTree = "<group>"; };
		08ECB0A6275E744A00502735 /* UUBluetoothConstants.swift */ = {isa = PBXFileReference; lastKnownFileType = sourcecode.swift; path = UUBluetoothConstants.swift; sourceTree = "<group>"; };
		08F620202C27A79B00A93EDC /* UUBluetoothSniffer.swift */ = {isa = PBXFileReference; lastKnownFileType = sourcecode.swift; path = UUBluetoothSniffer.swift; sourceTree = "<group>"; };
		08F620262C27AAD900A93EDC /* UUSwiftBluetoothTests.xctest */ = {isa = PBXFileReference; explicitFileType = wrapper.cfbundle; includeInIndex = 0; path = UUSwiftBluetoothTests.xctest; sourceTree = BUILT_PRODUCTS_DIR; };
		08F620282C27AAD900A93EDC /* UUSwiftBluetoothTests.swift */ = {isa = PBXFileReference; lastKnownFileType = sourcecode.swift; path = UUSwiftBluetoothTests.swift; sourceTree = "<group>"; };
		08F620372C27BB8D00A93EDC /* UUSwiftBluetoothTestHost.app */ = {isa = PBXFileReference; explicitFileType = wrapper.application; includeInIndex = 0; path = UUSwiftBluetoothTestHost.app; sourceTree = BUILT_PRODUCTS_DIR; };
		08F620392C27BB8D00A93EDC /* UUSwiftBluetoothTestHostApp.swift */ = {isa = PBXFileReference; lastKnownFileType = sourcecode.swift; path = UUSwiftBluetoothTestHostApp.swift; sourceTree = "<group>"; };
		08F6203B2C27BB8D00A93EDC /* ContentView.swift */ = {isa = PBXFileReference; lastKnownFileType = sourcecode.swift; path = ContentView.swift; sourceTree = "<group>"; };
		08F6203D2C27BB8D00A93EDC /* Assets.xcassets */ = {isa = PBXFileReference; lastKnownFileType = folder.assetcatalog; path = Assets.xcassets; sourceTree = "<group>"; };
		08F620402C27BB8D00A93EDC /* Preview Assets.xcassets */ = {isa = PBXFileReference; lastKnownFileType = folder.assetcatalog; path = "Preview Assets.xcassets"; sourceTree = "<group>"; };
		0D5C78A22AB38666007C03D8 /* L2CapClientController.swift */ = {isa = PBXFileReference; lastKnownFileType = sourcecode.swift; path = L2CapClientController.swift; sourceTree = "<group>"; };
		0D5C78A42AB518A8007C03D8 /* L2CapServerController.swift */ = {isa = PBXFileReference; lastKnownFileType = sourcecode.swift; path = L2CapServerController.swift; sourceTree = "<group>"; };
		0D5C78C22ABC84C6007C03D8 /* UUL2CapChannel.swift */ = {isa = PBXFileReference; lastKnownFileType = sourcecode.swift; path = UUL2CapChannel.swift; sourceTree = "<group>"; };
		0D5C78CE2AC336E8007C03D8 /* UUL2CapServer.swift */ = {isa = PBXFileReference; lastKnownFileType = sourcecode.swift; path = UUL2CapServer.swift; sourceTree = "<group>"; };
		0DBFEE2C2AC5AFC80064031A /* L2CapController.swift */ = {isa = PBXFileReference; lastKnownFileType = sourcecode.swift; path = L2CapController.swift; sourceTree = "<group>"; };
		0DBFEE312AC644710064031A /* image_one.jpg */ = {isa = PBXFileReference; lastKnownFileType = image.jpeg; path = image_one.jpg; sourceTree = "<group>"; };
		0DBFEE332AC644A80064031A /* image_two.jpg */ = {isa = PBXFileReference; lastKnownFileType = image.jpeg; path = image_two.jpg; sourceTree = "<group>"; };
		C5C67CBD26C6098F004DF50D /* UUSwiftBluetooth.framework */ = {isa = PBXFileReference; explicitFileType = wrapper.framework; includeInIndex = 0; path = UUSwiftBluetooth.framework; sourceTree = BUILT_PRODUCTS_DIR; };
		C5C67CC026C6098F004DF50D /* UUSwiftBluetooth.h */ = {isa = PBXFileReference; lastKnownFileType = sourcecode.c.h; path = UUSwiftBluetooth.h; sourceTree = "<group>"; };
		C5C67CC126C6098F004DF50D /* Info.plist */ = {isa = PBXFileReference; lastKnownFileType = text.plist.xml; path = Info.plist; sourceTree = "<group>"; };
		C5C67CC826C609D6004DF50D /* LICENSE */ = {isa = PBXFileReference; fileEncoding = 4; lastKnownFileType = text; path = LICENSE; sourceTree = "<group>"; };
		C5C67CC926C609D6004DF50D /* README.md */ = {isa = PBXFileReference; fileEncoding = 4; lastKnownFileType = net.daringfireball.markdown; path = README.md; sourceTree = "<group>"; };
		C5C67CCA26C609D6004DF50D /* Package.swift */ = {isa = PBXFileReference; fileEncoding = 4; lastKnownFileType = sourcecode.swift; path = Package.swift; sourceTree = "<group>"; };
/* End PBXFileReference section */

/* Begin PBXFileSystemSynchronizedRootGroup section */
		0894C3A02D107B8C009A6063 /* Protocols */ = {isa = PBXFileSystemSynchronizedRootGroup; explicitFileTypes = {}; explicitFolders = (); path = Protocols; sourceTree = "<group>"; };
		08A694642CF570CF007E0BB2 /* Operations */ = {isa = PBXFileSystemSynchronizedRootGroup; explicitFileTypes = {}; explicitFolders = (); path = Operations; sourceTree = "<group>"; };
		08A694682CFB7103007E0BB2 /* Models */ = {isa = PBXFileSystemSynchronizedRootGroup; explicitFileTypes = {}; explicitFolders = (); path = Models; sourceTree = "<group>"; };
		08A6946B2CFB71C8007E0BB2 /* Extensions */ = {isa = PBXFileSystemSynchronizedRootGroup; explicitFileTypes = {}; explicitFolders = (); path = Extensions; sourceTree = "<group>"; };
/* End PBXFileSystemSynchronizedRootGroup section */

/* Begin PBXFrameworksBuildPhase section */
		08A2091B26C7092B008F3534 /* Frameworks */ = {
			isa = PBXFrameworksBuildPhase;
			buildActionMask = 2147483647;
			files = (
				08A2093526C70E3D008F3534 /* UUSwiftBluetooth.framework in Frameworks */,
			);
			runOnlyForDeploymentPostprocessing = 0;
		};
		08F620232C27AAD900A93EDC /* Frameworks */ = {
			isa = PBXFrameworksBuildPhase;
			buildActionMask = 2147483647;
			files = (
				08F620322C27B72500A93EDC /* UUSwiftTestCore in Frameworks */,
				08F620472C27BC4000A93EDC /* UUSwiftBluetooth.framework in Frameworks */,
			);
			runOnlyForDeploymentPostprocessing = 0;
		};
		08F620342C27BB8D00A93EDC /* Frameworks */ = {
			isa = PBXFrameworksBuildPhase;
			buildActionMask = 2147483647;
			files = (
				08F6204A2C27BC5000A93EDC /* UUSwiftBluetooth.framework in Frameworks */,
			);
			runOnlyForDeploymentPostprocessing = 0;
		};
		C5C67CBA26C6098E004DF50D /* Frameworks */ = {
			isa = PBXFrameworksBuildPhase;
			buildActionMask = 2147483647;
			files = (
				C5C67CD026C60A0E004DF50D /* UUSwiftCore in Frameworks */,
			);
			runOnlyForDeploymentPostprocessing = 0;
		};
/* End PBXFrameworksBuildPhase section */

/* Begin PBXGroup section */
		082A882326C753FD00954A11 /* UUCoreBluetooth_OLD */ = {
			isa = PBXGroup;
			children = (
				08A2090E26C70780008F3534 /* UUCoreBluetooth.h */,
				08A2090A26C70780008F3534 /* UUCoreBluetooth.m */,
				08A2091026C70780008F3534 /* UUDictionary.h */,
				08A2090B26C70780008F3534 /* UUDictionary.m */,
				08A2090F26C70780008F3534 /* UUMacros.h */,
				08A2090926C70780008F3534 /* UUString.h */,
				08A2090C26C70780008F3534 /* UUString.m */,
				08A2090D26C70780008F3534 /* UUTimer.h */,
				08A2090826C70780008F3534 /* UUTimer.m */,
			);
			path = UUCoreBluetooth_OLD;
			sourceTree = "<group>";
		};
		08A2091F26C7092B008F3534 /* UUSwiftBluetoothTester */ = {
			isa = PBXGroup;
			children = (
				0DBFEE2E2AC644490064031A /* Resources */,
				08A2092026C7092B008F3534 /* AppDelegate.swift */,
				08A2092226C7092B008F3534 /* SceneDelegate.swift */,
				08A2092426C7092B008F3534 /* ViewController.swift */,
				08A2092626C7092B008F3534 /* Main.storyboard */,
				08A2092926C7092E008F3534 /* Assets.xcassets */,
				08A2092B26C7092E008F3534 /* LaunchScreen.storyboard */,
				08A2092E26C7092E008F3534 /* Info.plist */,
				08A2093226C70B5D008F3534 /* PeripheralTableRow.swift */,
				083F066926CF512B002780A1 /* SettingsViewController.swift */,
				08A7AAD626E9404E00E7254A /* CustomPeripheral.swift */,
				08A7AAD826EA794B00E7254A /* PeripheralView.swift */,
				08A7AADA26EA962B00E7254A /* ServiceRowView.swift */,
				08A7AADC26EA988600E7254A /* LabelValueRowView.swift */,
				08A7AADE26EA9A1800E7254A /* SectionHeaderView.swift */,
				08A7AAE026EA9B9300E7254A /* ServiceView.swift */,
				08A7AAE226EAA48A00E7254A /* CharacteristicRowView.swift */,
				08ECB0A4275E728100502735 /* ReadDeviceInfoOperation.swift */,
				0D5C78A22AB38666007C03D8 /* L2CapClientController.swift */,
				0D5C78A42AB518A8007C03D8 /* L2CapServerController.swift */,
				0DBFEE2C2AC5AFC80064031A /* L2CapController.swift */,
			);
			path = UUSwiftBluetoothTester;
			sourceTree = "<group>";
		};
		08A2093426C70E3D008F3534 /* Frameworks */ = {
			isa = PBXGroup;
			children = (
			);
			name = Frameworks;
			sourceTree = "<group>";
		};
		08F620272C27AAD900A93EDC /* UUSwiftBluetoothTests */ = {
			isa = PBXGroup;
			children = (
				08F620282C27AAD900A93EDC /* UUSwiftBluetoothTests.swift */,
			);
			path = UUSwiftBluetoothTests;
			sourceTree = "<group>";
		};
		08F620382C27BB8D00A93EDC /* UUSwiftBluetoothTestHost */ = {
			isa = PBXGroup;
			children = (
				08F620392C27BB8D00A93EDC /* UUSwiftBluetoothTestHostApp.swift */,
				08F6203B2C27BB8D00A93EDC /* ContentView.swift */,
				08F6203D2C27BB8D00A93EDC /* Assets.xcassets */,
				08F6203F2C27BB8D00A93EDC /* Preview Content */,
			);
			path = UUSwiftBluetoothTestHost;
			sourceTree = "<group>";
		};
		08F6203F2C27BB8D00A93EDC /* Preview Content */ = {
			isa = PBXGroup;
			children = (
				08F620402C27BB8D00A93EDC /* Preview Assets.xcassets */,
			);
			path = "Preview Content";
			sourceTree = "<group>";
		};
		0DBFEE2E2AC644490064031A /* Resources */ = {
			isa = PBXGroup;
			children = (
				0DBFEE312AC644710064031A /* image_one.jpg */,
				0DBFEE332AC644A80064031A /* image_two.jpg */,
			);
			path = Resources;
			sourceTree = "<group>";
		};
		C5C67CB326C6098E004DF50D = {
			isa = PBXGroup;
			children = (
				082A882326C753FD00954A11 /* UUCoreBluetooth_OLD */,
				C5C67CC826C609D6004DF50D /* LICENSE */,
				C5C67CCA26C609D6004DF50D /* Package.swift */,
				C5C67CC926C609D6004DF50D /* README.md */,
				C5C67CBF26C6098F004DF50D /* UUSwiftBluetooth */,
				08A2091F26C7092B008F3534 /* UUSwiftBluetoothTester */,
				08F620272C27AAD900A93EDC /* UUSwiftBluetoothTests */,
				08F620382C27BB8D00A93EDC /* UUSwiftBluetoothTestHost */,
				C5C67CBE26C6098F004DF50D /* Products */,
				08A2093426C70E3D008F3534 /* Frameworks */,
			);
			sourceTree = "<group>";
		};
		C5C67CBE26C6098F004DF50D /* Products */ = {
			isa = PBXGroup;
			children = (
				C5C67CBD26C6098F004DF50D /* UUSwiftBluetooth.framework */,
				08A2091E26C7092B008F3534 /* UUSwiftBluetoothTester.app */,
				08F620262C27AAD900A93EDC /* UUSwiftBluetoothTests.xctest */,
				08F620372C27BB8D00A93EDC /* UUSwiftBluetoothTestHost.app */,
			);
			name = Products;
			sourceTree = "<group>";
		};
		C5C67CBF26C6098F004DF50D /* UUSwiftBluetooth */ = {
			isa = PBXGroup;
			children = (
				0894C3A02D107B8C009A6063 /* Protocols */,
				08A6946B2CFB71C8007E0BB2 /* Extensions */,
				08A694682CFB7103007E0BB2 /* Models */,
				08A694642CF570CF007E0BB2 /* Operations */,
				C5C67CC126C6098F004DF50D /* Info.plist */,
				C5C67CC026C6098F004DF50D /* UUSwiftBluetooth.h */,
				0882EE302CE5B844005FC76D /* UUBluetoothScanSettings.swift */,
				082A882126C753C900954A11 /* UUBluetoothScanner.swift */,
				083F067226D2E8E1002780A1 /* UUBluetoothAdvertisement.swift */,
				082A882426C7542200954A11 /* UUCoreBluetoothPeripheral.swift */,
				082A883426C75C5900954A11 /* UUPeripheralDelegate.swift */,
				082A882626C756B400954A11 /* UUPeripheralFilter.swift */,
				0894C37C2D0BF004009A6063 /* UUPeripheralSorting.swift */,
				082A882826C757BD00954A11 /* UUCentralManager.swift */,
				082A883226C75C4C00954A11 /* UUCentralManagerDelegate.swift */,
				083F067426D2EE82002780A1 /* UUCentralManagerFactory.swift */,
				082A882A26C75A7C00954A11 /* UUCoreBluetoothErrorCode.swift */,
				082A883026C75BE300954A11 /* CBCharacteristic+Extensions.swift */,
				082A883626C760C200954A11 /* Error+Extensions.swift */,
				082A88B426CC8A0200954A11 /* CBUUID+Extensions.swift */,
				083F067626D2F168002780A1 /* DispatchQueue+Extensions.swift */,
				08ECB0A6275E744A00502735 /* UUBluetoothConstants.swift */,
				0D5C78C22ABC84C6007C03D8 /* UUL2CapChannel.swift */,
				0D5C78CE2AC336E8007C03D8 /* UUL2CapServer.swift */,
				08F620202C27A79B00A93EDC /* UUBluetoothSniffer.swift */,
				0882EDFE2CE10E0B005FC76D /* CBPeripheralEnums+Extensions.swift */,
				0894C3AD2D1092C8009A6063 /* UUCoreBluetooth.swift */,
			);
			path = UUSwiftBluetooth;
			sourceTree = "<group>";
		};
/* End PBXGroup section */

/* Begin PBXHeadersBuildPhase section */
		C5C67CB826C6098E004DF50D /* Headers */ = {
			isa = PBXHeadersBuildPhase;
			buildActionMask = 2147483647;
			files = (
				C5C67CC226C6098F004DF50D /* UUSwiftBluetooth.h in Headers */,
			);
			runOnlyForDeploymentPostprocessing = 0;
		};
/* End PBXHeadersBuildPhase section */

/* Begin PBXNativeTarget section */
		08A2091D26C7092B008F3534 /* UUSwiftBluetoothTester */ = {
			isa = PBXNativeTarget;
			buildConfigurationList = 08A2092F26C7092E008F3534 /* Build configuration list for PBXNativeTarget "UUSwiftBluetoothTester" */;
			buildPhases = (
				08A2091A26C7092B008F3534 /* Sources */,
				08A2091B26C7092B008F3534 /* Frameworks */,
				08A2091C26C7092B008F3534 /* Resources */,
				08A2093926C70E3D008F3534 /* Embed Frameworks */,
			);
			buildRules = (
			);
			dependencies = (
				08A2093826C70E3D008F3534 /* PBXTargetDependency */,
			);
			name = UUSwiftBluetoothTester;
			productName = UUSwiftBluetoothTester;
			productReference = 08A2091E26C7092B008F3534 /* UUSwiftBluetoothTester.app */;
			productType = "com.apple.product-type.application";
		};
		08F620252C27AAD900A93EDC /* UUSwiftBluetoothTests */ = {
			isa = PBXNativeTarget;
			buildConfigurationList = 08F6202D2C27AAD900A93EDC /* Build configuration list for PBXNativeTarget "UUSwiftBluetoothTests" */;
			buildPhases = (
				08F620222C27AAD900A93EDC /* Sources */,
				08F620232C27AAD900A93EDC /* Frameworks */,
				08F620242C27AAD900A93EDC /* Resources */,
				08F620492C27BC4000A93EDC /* Embed Frameworks */,
			);
			buildRules = (
			);
			dependencies = (
				08F6202C2C27AAD900A93EDC /* PBXTargetDependency */,
				08F620462C27BB9500A93EDC /* PBXTargetDependency */,
			);
			name = UUSwiftBluetoothTests;
			packageProductDependencies = (
				08F620312C27B72500A93EDC /* UUSwiftTestCore */,
			);
			productName = UUSwiftBluetoothTests;
			productReference = 08F620262C27AAD900A93EDC /* UUSwiftBluetoothTests.xctest */;
			productType = "com.apple.product-type.bundle.unit-test";
		};
		08F620362C27BB8D00A93EDC /* UUSwiftBluetoothTestHost */ = {
			isa = PBXNativeTarget;
			buildConfigurationList = 08F620422C27BB8D00A93EDC /* Build configuration list for PBXNativeTarget "UUSwiftBluetoothTestHost" */;
			buildPhases = (
				08F620332C27BB8D00A93EDC /* Sources */,
				08F620342C27BB8D00A93EDC /* Frameworks */,
				08F620352C27BB8D00A93EDC /* Resources */,
				08F6204E2C27BC5000A93EDC /* Embed Frameworks */,
			);
			buildRules = (
			);
			dependencies = (
				08F6204D2C27BC5000A93EDC /* PBXTargetDependency */,
			);
			name = UUSwiftBluetoothTestHost;
			productName = UUSwiftBluetoothTestHost;
			productReference = 08F620372C27BB8D00A93EDC /* UUSwiftBluetoothTestHost.app */;
			productType = "com.apple.product-type.application";
		};
		C5C67CBC26C6098E004DF50D /* UUSwiftBluetooth */ = {
			isa = PBXNativeTarget;
			buildConfigurationList = C5C67CC526C6098F004DF50D /* Build configuration list for PBXNativeTarget "UUSwiftBluetooth" */;
			buildPhases = (
				C5C67CB826C6098E004DF50D /* Headers */,
				C5C67CB926C6098E004DF50D /* Sources */,
				C5C67CBA26C6098E004DF50D /* Frameworks */,
				C5C67CBB26C6098E004DF50D /* Resources */,
			);
			buildRules = (
			);
			dependencies = (
			);
			fileSystemSynchronizedGroups = (
				0894C3A02D107B8C009A6063 /* Protocols */,
				08A694642CF570CF007E0BB2 /* Operations */,
				08A694682CFB7103007E0BB2 /* Models */,
				08A6946B2CFB71C8007E0BB2 /* Extensions */,
			);
			name = UUSwiftBluetooth;
			packageProductDependencies = (
				C5C67CCF26C60A0E004DF50D /* UUSwiftCore */,
			);
			productName = UUSwiftBluetooth;
			productReference = C5C67CBD26C6098F004DF50D /* UUSwiftBluetooth.framework */;
			productType = "com.apple.product-type.framework";
		};
/* End PBXNativeTarget section */

/* Begin PBXProject section */
		C5C67CB426C6098E004DF50D /* Project object */ = {
			isa = PBXProject;
			attributes = {
				BuildIndependentTargetsInParallel = YES;
				LastSwiftUpdateCheck = 1610;
				LastUpgradeCheck = 1610;
				TargetAttributes = {
					08A2091D26C7092B008F3534 = {
						CreatedOnToolsVersion = 12.5.1;
					};
					08F620252C27AAD900A93EDC = {
						CreatedOnToolsVersion = 15.4;
						TestTargetID = 08F620362C27BB8D00A93EDC;
					};
					08F620362C27BB8D00A93EDC = {
						CreatedOnToolsVersion = 15.4;
					};
					C5C67CBC26C6098E004DF50D = {
						CreatedOnToolsVersion = 12.5.1;
						LastSwiftMigration = 1250;
					};
				};
			};
			buildConfigurationList = C5C67CB726C6098E004DF50D /* Build configuration list for PBXProject "UUSwiftBluetooth" */;
			compatibilityVersion = "Xcode 9.3";
			developmentRegion = en;
			hasScannedForEncodings = 0;
			knownRegions = (
				en,
				Base,
			);
			mainGroup = C5C67CB326C6098E004DF50D;
			packageReferences = (
				C5C67CCE26C60A0E004DF50D /* XCRemoteSwiftPackageReference "UUSwiftCore" */,
				08F620302C27B72500A93EDC /* XCRemoteSwiftPackageReference "UUSwiftTestCore" */,
			);
			productRefGroup = C5C67CBE26C6098F004DF50D /* Products */;
			projectDirPath = "";
			projectRoot = "";
			targets = (
				C5C67CBC26C6098E004DF50D /* UUSwiftBluetooth */,
				08A2091D26C7092B008F3534 /* UUSwiftBluetoothTester */,
				08F620252C27AAD900A93EDC /* UUSwiftBluetoothTests */,
				08F620362C27BB8D00A93EDC /* UUSwiftBluetoothTestHost */,
			);
		};
/* End PBXProject section */

/* Begin PBXResourcesBuildPhase section */
		08A2091C26C7092B008F3534 /* Resources */ = {
			isa = PBXResourcesBuildPhase;
			buildActionMask = 2147483647;
			files = (
				0DBFEE322AC644710064031A /* image_one.jpg in Resources */,
				08A2092D26C7092E008F3534 /* LaunchScreen.storyboard in Resources */,
				08A2092A26C7092E008F3534 /* Assets.xcassets in Resources */,
				0DBFEE342AC644A80064031A /* image_two.jpg in Resources */,
				08A2092826C7092B008F3534 /* Main.storyboard in Resources */,
			);
			runOnlyForDeploymentPostprocessing = 0;
		};
		08F620242C27AAD900A93EDC /* Resources */ = {
			isa = PBXResourcesBuildPhase;
			buildActionMask = 2147483647;
			files = (
			);
			runOnlyForDeploymentPostprocessing = 0;
		};
		08F620352C27BB8D00A93EDC /* Resources */ = {
			isa = PBXResourcesBuildPhase;
			buildActionMask = 2147483647;
			files = (
				08F620412C27BB8D00A93EDC /* Preview Assets.xcassets in Resources */,
				08F6203E2C27BB8D00A93EDC /* Assets.xcassets in Resources */,
			);
			runOnlyForDeploymentPostprocessing = 0;
		};
		C5C67CBB26C6098E004DF50D /* Resources */ = {
			isa = PBXResourcesBuildPhase;
			buildActionMask = 2147483647;
			files = (
			);
			runOnlyForDeploymentPostprocessing = 0;
		};
/* End PBXResourcesBuildPhase section */

/* Begin PBXSourcesBuildPhase section */
		08A2091A26C7092B008F3534 /* Sources */ = {
			isa = PBXSourcesBuildPhase;
			buildActionMask = 2147483647;
			files = (
				08A7AADF26EA9A1800E7254A /* SectionHeaderView.swift in Sources */,
				08A2092526C7092B008F3534 /* ViewController.swift in Sources */,
				08A2092126C7092B008F3534 /* AppDelegate.swift in Sources */,
				08A7AAE126EA9B9300E7254A /* ServiceView.swift in Sources */,
				08A2092326C7092B008F3534 /* SceneDelegate.swift in Sources */,
				0D5C78A32AB38666007C03D8 /* L2CapClientController.swift in Sources */,
				08A7AAE326EAA48A00E7254A /* CharacteristicRowView.swift in Sources */,
				08A2093326C70B5D008F3534 /* PeripheralTableRow.swift in Sources */,
				08A7AADB26EA962B00E7254A /* ServiceRowView.swift in Sources */,
				0DBFEE2D2AC5AFC80064031A /* L2CapController.swift in Sources */,
				083F066A26CF512B002780A1 /* SettingsViewController.swift in Sources */,
				08ECB0A5275E728100502735 /* ReadDeviceInfoOperation.swift in Sources */,
				0D5C78A52AB518A8007C03D8 /* L2CapServerController.swift in Sources */,
				08A7AAD926EA794B00E7254A /* PeripheralView.swift in Sources */,
				08A7AADD26EA988600E7254A /* LabelValueRowView.swift in Sources */,
				08A7AAD726E9404E00E7254A /* CustomPeripheral.swift in Sources */,
			);
			runOnlyForDeploymentPostprocessing = 0;
		};
		08F620222C27AAD900A93EDC /* Sources */ = {
			isa = PBXSourcesBuildPhase;
			buildActionMask = 2147483647;
			files = (
				08F620292C27AAD900A93EDC /* UUSwiftBluetoothTests.swift in Sources */,
			);
			runOnlyForDeploymentPostprocessing = 0;
		};
		08F620332C27BB8D00A93EDC /* Sources */ = {
			isa = PBXSourcesBuildPhase;
			buildActionMask = 2147483647;
			files = (
				08F6203C2C27BB8D00A93EDC /* ContentView.swift in Sources */,
				08F6203A2C27BB8D00A93EDC /* UUSwiftBluetoothTestHostApp.swift in Sources */,
			);
			runOnlyForDeploymentPostprocessing = 0;
		};
		C5C67CB926C6098E004DF50D /* Sources */ = {
			isa = PBXSourcesBuildPhase;
			buildActionMask = 2147483647;
			files = (
				0894C37D2D0BF004009A6063 /* UUPeripheralSorting.swift in Sources */,
				0894C3AE2D1092C8009A6063 /* UUCoreBluetooth.swift in Sources */,
				082A882B26C75A7C00954A11 /* UUCoreBluetoothErrorCode.swift in Sources */,
				082A88B526CC8A0200954A11 /* CBUUID+Extensions.swift in Sources */,
				08ECB0A7275E744A00502735 /* UUBluetoothConstants.swift in Sources */,
				082A883326C75C4C00954A11 /* UUCentralManagerDelegate.swift in Sources */,
				082A882726C756B400954A11 /* UUPeripheralFilter.swift in Sources */,
				082A882926C757BD00954A11 /* UUCentralManager.swift in Sources */,
				08F620212C27A79B00A93EDC /* UUBluetoothSniffer.swift in Sources */,
				082A882226C753C900954A11 /* UUBluetoothScanner.swift in Sources */,
				083F067526D2EE82002780A1 /* UUCentralManagerFactory.swift in Sources */,
				083F067726D2F168002780A1 /* DispatchQueue+Extensions.swift in Sources */,
				082A882526C7542200954A11 /* UUCoreBluetoothPeripheral.swift in Sources */,
				0882EDFF2CE10E1E005FC76D /* CBPeripheralEnums+Extensions.swift in Sources */,
				0D5C78C32ABC84C6007C03D8 /* UUL2CapChannel.swift in Sources */,
				083F067326D2E8E1002780A1 /* UUBluetoothAdvertisement.swift in Sources */,
				082A883526C75C5900954A11 /* UUPeripheralDelegate.swift in Sources */,
				0D5C78CF2AC336E8007C03D8 /* UUL2CapServer.swift in Sources */,
				082A883726C760C200954A11 /* Error+Extensions.swift in Sources */,
				0882EE312CE5B844005FC76D /* UUBluetoothScanSettings.swift in Sources */,
				082A883126C75BE300954A11 /* CBCharacteristic+Extensions.swift in Sources */,
			);
			runOnlyForDeploymentPostprocessing = 0;
		};
/* End PBXSourcesBuildPhase section */

/* Begin PBXTargetDependency section */
		08A2093826C70E3D008F3534 /* PBXTargetDependency */ = {
			isa = PBXTargetDependency;
			target = C5C67CBC26C6098E004DF50D /* UUSwiftBluetooth */;
			targetProxy = 08A2093726C70E3D008F3534 /* PBXContainerItemProxy */;
		};
		08F6202C2C27AAD900A93EDC /* PBXTargetDependency */ = {
			isa = PBXTargetDependency;
			target = C5C67CBC26C6098E004DF50D /* UUSwiftBluetooth */;
			targetProxy = 08F6202B2C27AAD900A93EDC /* PBXContainerItemProxy */;
		};
		08F620462C27BB9500A93EDC /* PBXTargetDependency */ = {
			isa = PBXTargetDependency;
			target = 08F620362C27BB8D00A93EDC /* UUSwiftBluetoothTestHost */;
			targetProxy = 08F620452C27BB9500A93EDC /* PBXContainerItemProxy */;
		};
		08F6204D2C27BC5000A93EDC /* PBXTargetDependency */ = {
			isa = PBXTargetDependency;
			target = C5C67CBC26C6098E004DF50D /* UUSwiftBluetooth */;
			targetProxy = 08F6204C2C27BC5000A93EDC /* PBXContainerItemProxy */;
		};
/* End PBXTargetDependency section */

/* Begin PBXVariantGroup section */
		08A2092626C7092B008F3534 /* Main.storyboard */ = {
			isa = PBXVariantGroup;
			children = (
				08A2092726C7092B008F3534 /* Base */,
			);
			name = Main.storyboard;
			sourceTree = "<group>";
		};
		08A2092B26C7092E008F3534 /* LaunchScreen.storyboard */ = {
			isa = PBXVariantGroup;
			children = (
				08A2092C26C7092E008F3534 /* Base */,
			);
			name = LaunchScreen.storyboard;
			sourceTree = "<group>";
		};
/* End PBXVariantGroup section */

/* Begin XCBuildConfiguration section */
		08A2093026C7092E008F3534 /* Debug */ = {
			isa = XCBuildConfiguration;
			buildSettings = {
				ASSETCATALOG_COMPILER_APPICON_NAME = AppIcon;
				ASSETCATALOG_COMPILER_GLOBAL_ACCENT_COLOR_NAME = AccentColor;
				CODE_SIGN_STYLE = Automatic;
				DEVELOPMENT_TEAM = SVT6H48N2C;
				INFOPLIST_FILE = UUSwiftBluetoothTester/Info.plist;
				LD_RUNPATH_SEARCH_PATHS = (
					"$(inherited)",
					"@executable_path/Frameworks",
				);
				PRODUCT_BUNDLE_IDENTIFIER = com.silverpine.uu.bluetooth.tester;
				PRODUCT_NAME = "$(TARGET_NAME)";
				SWIFT_VERSION = 5.0;
				TARGETED_DEVICE_FAMILY = "1,2";
			};
			name = Debug;
		};
		08A2093126C7092E008F3534 /* Release */ = {
			isa = XCBuildConfiguration;
			buildSettings = {
				ASSETCATALOG_COMPILER_APPICON_NAME = AppIcon;
				ASSETCATALOG_COMPILER_GLOBAL_ACCENT_COLOR_NAME = AccentColor;
				CODE_SIGN_STYLE = Automatic;
				DEVELOPMENT_TEAM = SVT6H48N2C;
				INFOPLIST_FILE = UUSwiftBluetoothTester/Info.plist;
				LD_RUNPATH_SEARCH_PATHS = (
					"$(inherited)",
					"@executable_path/Frameworks",
				);
				PRODUCT_BUNDLE_IDENTIFIER = com.silverpine.uu.bluetooth.tester;
				PRODUCT_NAME = "$(TARGET_NAME)";
				SWIFT_VERSION = 5.0;
				TARGETED_DEVICE_FAMILY = "1,2";
			};
			name = Release;
		};
		08F6202E2C27AAD900A93EDC /* Debug */ = {
			isa = XCBuildConfiguration;
			buildSettings = {
				ASSETCATALOG_COMPILER_GENERATE_SWIFT_ASSET_SYMBOL_EXTENSIONS = YES;
				CLANG_CXX_LANGUAGE_STANDARD = "gnu++20";
				CODE_SIGN_STYLE = Automatic;
				CURRENT_PROJECT_VERSION = 1;
				DEVELOPMENT_TEAM = SVT6H48N2C;
				ENABLE_USER_SCRIPT_SANDBOXING = YES;
				GCC_C_LANGUAGE_STANDARD = gnu17;
				GENERATE_INFOPLIST_FILE = YES;
				LOCALIZATION_PREFERS_STRING_CATALOGS = YES;
				MARKETING_VERSION = 1.0;
				PRODUCT_BUNDLE_IDENTIFIER = com.silverpine.UUSwiftBluetooth.tests.UUSwiftBluetoothTests;
				PRODUCT_NAME = "$(TARGET_NAME)";
				SWIFT_ACTIVE_COMPILATION_CONDITIONS = "DEBUG $(inherited)";
				SWIFT_EMIT_LOC_STRINGS = NO;
				SWIFT_VERSION = 5.0;
				TARGETED_DEVICE_FAMILY = "1,2";
				TEST_HOST = "$(BUILT_PRODUCTS_DIR)/UUSwiftBluetoothTestHost.app/$(BUNDLE_EXECUTABLE_FOLDER_PATH)/UUSwiftBluetoothTestHost";
			};
			name = Debug;
		};
		08F6202F2C27AAD900A93EDC /* Release */ = {
			isa = XCBuildConfiguration;
			buildSettings = {
				ASSETCATALOG_COMPILER_GENERATE_SWIFT_ASSET_SYMBOL_EXTENSIONS = YES;
				CLANG_CXX_LANGUAGE_STANDARD = "gnu++20";
				CODE_SIGN_STYLE = Automatic;
				CURRENT_PROJECT_VERSION = 1;
				DEVELOPMENT_TEAM = SVT6H48N2C;
				ENABLE_USER_SCRIPT_SANDBOXING = YES;
				GCC_C_LANGUAGE_STANDARD = gnu17;
				GENERATE_INFOPLIST_FILE = YES;
				LOCALIZATION_PREFERS_STRING_CATALOGS = YES;
				MARKETING_VERSION = 1.0;
				PRODUCT_BUNDLE_IDENTIFIER = com.silverpine.UUSwiftBluetooth.tests.UUSwiftBluetoothTests;
				PRODUCT_NAME = "$(TARGET_NAME)";
				SWIFT_EMIT_LOC_STRINGS = NO;
				SWIFT_VERSION = 5.0;
				TARGETED_DEVICE_FAMILY = "1,2";
				TEST_HOST = "$(BUILT_PRODUCTS_DIR)/UUSwiftBluetoothTestHost.app/$(BUNDLE_EXECUTABLE_FOLDER_PATH)/UUSwiftBluetoothTestHost";
			};
			name = Release;
		};
		08F620432C27BB8D00A93EDC /* Debug */ = {
			isa = XCBuildConfiguration;
			buildSettings = {
				ASSETCATALOG_COMPILER_APPICON_NAME = AppIcon;
				ASSETCATALOG_COMPILER_GENERATE_SWIFT_ASSET_SYMBOL_EXTENSIONS = YES;
				ASSETCATALOG_COMPILER_GLOBAL_ACCENT_COLOR_NAME = AccentColor;
				CLANG_CXX_LANGUAGE_STANDARD = "gnu++20";
				CODE_SIGN_STYLE = Automatic;
				CURRENT_PROJECT_VERSION = 1;
				DEVELOPMENT_ASSET_PATHS = "\"UUSwiftBluetoothTestHost/Preview Content\"";
				DEVELOPMENT_TEAM = SVT6H48N2C;
				ENABLE_PREVIEWS = YES;
				ENABLE_USER_SCRIPT_SANDBOXING = YES;
				GCC_C_LANGUAGE_STANDARD = gnu17;
				GENERATE_INFOPLIST_FILE = YES;
				INFOPLIST_KEY_NSBluetoothAlwaysUsageDescription = "For testing";
				INFOPLIST_KEY_UIApplicationSceneManifest_Generation = YES;
				INFOPLIST_KEY_UIApplicationSupportsIndirectInputEvents = YES;
				INFOPLIST_KEY_UILaunchScreen_Generation = YES;
				INFOPLIST_KEY_UISupportedInterfaceOrientations_iPad = "UIInterfaceOrientationPortrait UIInterfaceOrientationPortraitUpsideDown UIInterfaceOrientationLandscapeLeft UIInterfaceOrientationLandscapeRight";
				INFOPLIST_KEY_UISupportedInterfaceOrientations_iPhone = "UIInterfaceOrientationPortrait UIInterfaceOrientationLandscapeLeft UIInterfaceOrientationLandscapeRight";
				INFOPLIST_KEY_UISupportsDocumentBrowser = YES;
				LD_RUNPATH_SEARCH_PATHS = (
					"$(inherited)",
					"@executable_path/Frameworks",
				);
				LOCALIZATION_PREFERS_STRING_CATALOGS = YES;
				MARKETING_VERSION = 1.0;
				PRODUCT_BUNDLE_IDENTIFIER = com.silverpine.UUSwiftBluetooth.testhost.UUSwiftBluetoothTestHost;
				PRODUCT_NAME = "$(TARGET_NAME)";
				SWIFT_ACTIVE_COMPILATION_CONDITIONS = "DEBUG $(inherited)";
				SWIFT_EMIT_LOC_STRINGS = YES;
				SWIFT_VERSION = 5.0;
				TARGETED_DEVICE_FAMILY = "1,2";
			};
			name = Debug;
		};
		08F620442C27BB8D00A93EDC /* Release */ = {
			isa = XCBuildConfiguration;
			buildSettings = {
				ASSETCATALOG_COMPILER_APPICON_NAME = AppIcon;
				ASSETCATALOG_COMPILER_GENERATE_SWIFT_ASSET_SYMBOL_EXTENSIONS = YES;
				ASSETCATALOG_COMPILER_GLOBAL_ACCENT_COLOR_NAME = AccentColor;
				CLANG_CXX_LANGUAGE_STANDARD = "gnu++20";
				CODE_SIGN_STYLE = Automatic;
				CURRENT_PROJECT_VERSION = 1;
				DEVELOPMENT_ASSET_PATHS = "\"UUSwiftBluetoothTestHost/Preview Content\"";
				DEVELOPMENT_TEAM = SVT6H48N2C;
				ENABLE_PREVIEWS = YES;
				ENABLE_USER_SCRIPT_SANDBOXING = YES;
				GCC_C_LANGUAGE_STANDARD = gnu17;
				GENERATE_INFOPLIST_FILE = YES;
				INFOPLIST_KEY_NSBluetoothAlwaysUsageDescription = "For testing";
				INFOPLIST_KEY_UIApplicationSceneManifest_Generation = YES;
				INFOPLIST_KEY_UIApplicationSupportsIndirectInputEvents = YES;
				INFOPLIST_KEY_UILaunchScreen_Generation = YES;
				INFOPLIST_KEY_UISupportedInterfaceOrientations_iPad = "UIInterfaceOrientationPortrait UIInterfaceOrientationPortraitUpsideDown UIInterfaceOrientationLandscapeLeft UIInterfaceOrientationLandscapeRight";
				INFOPLIST_KEY_UISupportedInterfaceOrientations_iPhone = "UIInterfaceOrientationPortrait UIInterfaceOrientationLandscapeLeft UIInterfaceOrientationLandscapeRight";
				INFOPLIST_KEY_UISupportsDocumentBrowser = YES;
				LD_RUNPATH_SEARCH_PATHS = (
					"$(inherited)",
					"@executable_path/Frameworks",
				);
				LOCALIZATION_PREFERS_STRING_CATALOGS = YES;
				MARKETING_VERSION = 1.0;
				PRODUCT_BUNDLE_IDENTIFIER = com.silverpine.UUSwiftBluetooth.testhost.UUSwiftBluetoothTestHost;
				PRODUCT_NAME = "$(TARGET_NAME)";
				SWIFT_EMIT_LOC_STRINGS = YES;
				SWIFT_VERSION = 5.0;
				TARGETED_DEVICE_FAMILY = "1,2";
			};
			name = Release;
		};
		C5C67CC326C6098F004DF50D /* Debug */ = {
			isa = XCBuildConfiguration;
			buildSettings = {
				ALWAYS_SEARCH_USER_PATHS = NO;
				ASSETCATALOG_COMPILER_GENERATE_SWIFT_ASSET_SYMBOL_EXTENSIONS = YES;
				CLANG_ANALYZER_NONNULL = YES;
				CLANG_ANALYZER_NUMBER_OBJECT_CONVERSION = YES_AGGRESSIVE;
				CLANG_CXX_LANGUAGE_STANDARD = "gnu++14";
				CLANG_CXX_LIBRARY = "libc++";
				CLANG_ENABLE_MODULES = YES;
				CLANG_ENABLE_OBJC_ARC = YES;
				CLANG_ENABLE_OBJC_WEAK = YES;
				CLANG_WARN_BLOCK_CAPTURE_AUTORELEASING = YES;
				CLANG_WARN_BOOL_CONVERSION = YES;
				CLANG_WARN_COMMA = YES;
				CLANG_WARN_CONSTANT_CONVERSION = YES;
				CLANG_WARN_DEPRECATED_OBJC_IMPLEMENTATIONS = YES;
				CLANG_WARN_DIRECT_OBJC_ISA_USAGE = YES_ERROR;
				CLANG_WARN_DOCUMENTATION_COMMENTS = YES;
				CLANG_WARN_EMPTY_BODY = YES;
				CLANG_WARN_ENUM_CONVERSION = YES;
				CLANG_WARN_INFINITE_RECURSION = YES;
				CLANG_WARN_INT_CONVERSION = YES;
				CLANG_WARN_NON_LITERAL_NULL_CONVERSION = YES;
				CLANG_WARN_OBJC_IMPLICIT_RETAIN_SELF = YES;
				CLANG_WARN_OBJC_LITERAL_CONVERSION = YES;
				CLANG_WARN_OBJC_ROOT_CLASS = YES_ERROR;
				CLANG_WARN_QUOTED_INCLUDE_IN_FRAMEWORK_HEADER = YES;
				CLANG_WARN_RANGE_LOOP_ANALYSIS = YES;
				CLANG_WARN_STRICT_PROTOTYPES = YES;
				CLANG_WARN_SUSPICIOUS_MOVE = YES;
				CLANG_WARN_UNGUARDED_AVAILABILITY = YES_AGGRESSIVE;
				CLANG_WARN_UNREACHABLE_CODE = YES;
				CLANG_WARN__DUPLICATE_METHOD_MATCH = YES;
				COPY_PHASE_STRIP = NO;
				CURRENT_PROJECT_VERSION = 1;
				DEBUG_INFORMATION_FORMAT = dwarf;
				ENABLE_STRICT_OBJC_MSGSEND = YES;
				ENABLE_TESTABILITY = YES;
				GCC_C_LANGUAGE_STANDARD = gnu11;
				GCC_DYNAMIC_NO_PIC = NO;
				GCC_NO_COMMON_BLOCKS = YES;
				GCC_OPTIMIZATION_LEVEL = 0;
				GCC_PREPROCESSOR_DEFINITIONS = (
					"DEBUG=1",
					"$(inherited)",
				);
				GCC_WARN_64_TO_32_BIT_CONVERSION = YES;
				GCC_WARN_ABOUT_RETURN_TYPE = YES_ERROR;
				GCC_WARN_UNDECLARED_SELECTOR = YES;
				GCC_WARN_UNINITIALIZED_AUTOS = YES_AGGRESSIVE;
				GCC_WARN_UNUSED_FUNCTION = YES;
				GCC_WARN_UNUSED_VARIABLE = YES;
				IPHONEOS_DEPLOYMENT_TARGET = 16.6;
				MTL_ENABLE_DEBUG_INFO = INCLUDE_SOURCE;
				MTL_FAST_MATH = YES;
				ONLY_ACTIVE_ARCH = YES;
				SDKROOT = iphoneos;
				SWIFT_ACTIVE_COMPILATION_CONDITIONS = DEBUG;
				SWIFT_OPTIMIZATION_LEVEL = "-Onone";
				VERSIONING_SYSTEM = "apple-generic";
				VERSION_INFO_PREFIX = "";
			};
			name = Debug;
		};
		C5C67CC426C6098F004DF50D /* Release */ = {
			isa = XCBuildConfiguration;
			buildSettings = {
				ALWAYS_SEARCH_USER_PATHS = NO;
				ASSETCATALOG_COMPILER_GENERATE_SWIFT_ASSET_SYMBOL_EXTENSIONS = YES;
				CLANG_ANALYZER_NONNULL = YES;
				CLANG_ANALYZER_NUMBER_OBJECT_CONVERSION = YES_AGGRESSIVE;
				CLANG_CXX_LANGUAGE_STANDARD = "gnu++14";
				CLANG_CXX_LIBRARY = "libc++";
				CLANG_ENABLE_MODULES = YES;
				CLANG_ENABLE_OBJC_ARC = YES;
				CLANG_ENABLE_OBJC_WEAK = YES;
				CLANG_WARN_BLOCK_CAPTURE_AUTORELEASING = YES;
				CLANG_WARN_BOOL_CONVERSION = YES;
				CLANG_WARN_COMMA = YES;
				CLANG_WARN_CONSTANT_CONVERSION = YES;
				CLANG_WARN_DEPRECATED_OBJC_IMPLEMENTATIONS = YES;
				CLANG_WARN_DIRECT_OBJC_ISA_USAGE = YES_ERROR;
				CLANG_WARN_DOCUMENTATION_COMMENTS = YES;
				CLANG_WARN_EMPTY_BODY = YES;
				CLANG_WARN_ENUM_CONVERSION = YES;
				CLANG_WARN_INFINITE_RECURSION = YES;
				CLANG_WARN_INT_CONVERSION = YES;
				CLANG_WARN_NON_LITERAL_NULL_CONVERSION = YES;
				CLANG_WARN_OBJC_IMPLICIT_RETAIN_SELF = YES;
				CLANG_WARN_OBJC_LITERAL_CONVERSION = YES;
				CLANG_WARN_OBJC_ROOT_CLASS = YES_ERROR;
				CLANG_WARN_QUOTED_INCLUDE_IN_FRAMEWORK_HEADER = YES;
				CLANG_WARN_RANGE_LOOP_ANALYSIS = YES;
				CLANG_WARN_STRICT_PROTOTYPES = YES;
				CLANG_WARN_SUSPICIOUS_MOVE = YES;
				CLANG_WARN_UNGUARDED_AVAILABILITY = YES_AGGRESSIVE;
				CLANG_WARN_UNREACHABLE_CODE = YES;
				CLANG_WARN__DUPLICATE_METHOD_MATCH = YES;
				COPY_PHASE_STRIP = NO;
				CURRENT_PROJECT_VERSION = 1;
				DEBUG_INFORMATION_FORMAT = "dwarf-with-dsym";
				ENABLE_NS_ASSERTIONS = NO;
				ENABLE_STRICT_OBJC_MSGSEND = YES;
				GCC_C_LANGUAGE_STANDARD = gnu11;
				GCC_NO_COMMON_BLOCKS = YES;
				GCC_WARN_64_TO_32_BIT_CONVERSION = YES;
				GCC_WARN_ABOUT_RETURN_TYPE = YES_ERROR;
				GCC_WARN_UNDECLARED_SELECTOR = YES;
				GCC_WARN_UNINITIALIZED_AUTOS = YES_AGGRESSIVE;
				GCC_WARN_UNUSED_FUNCTION = YES;
				GCC_WARN_UNUSED_VARIABLE = YES;
				IPHONEOS_DEPLOYMENT_TARGET = 16.6;
				MTL_ENABLE_DEBUG_INFO = NO;
				MTL_FAST_MATH = YES;
				SDKROOT = iphoneos;
				SWIFT_COMPILATION_MODE = wholemodule;
				SWIFT_OPTIMIZATION_LEVEL = "-O";
				VALIDATE_PRODUCT = YES;
				VERSIONING_SYSTEM = "apple-generic";
				VERSION_INFO_PREFIX = "";
			};
			name = Release;
		};
		C5C67CC626C6098F004DF50D /* Debug */ = {
			isa = XCBuildConfiguration;
			buildSettings = {
				CLANG_ENABLE_MODULES = YES;
				CODE_SIGN_IDENTITY = "";
				CODE_SIGN_STYLE = Automatic;
				DEFINES_MODULE = YES;
				DEVELOPMENT_TEAM = SVT6H48N2C;
				DYLIB_COMPATIBILITY_VERSION = 1;
				DYLIB_CURRENT_VERSION = 1;
				DYLIB_INSTALL_NAME_BASE = "@rpath";
				ENABLE_MODULE_VERIFIER = YES;
				INFOPLIST_FILE = UUSwiftBluetooth/Info.plist;
				INSTALL_PATH = "$(LOCAL_LIBRARY_DIR)/Frameworks";
				LD_RUNPATH_SEARCH_PATHS = (
					"$(inherited)",
					"@executable_path/Frameworks",
					"@loader_path/Frameworks",
				);
				MODULE_VERIFIER_SUPPORTED_LANGUAGE_STANDARDS = "gnu11 gnu++14";
				PRODUCT_BUNDLE_IDENTIFIER = com.silverpine.UUSwiftBluetooth;
				PRODUCT_NAME = "$(TARGET_NAME:c99extidentifier)";
				SKIP_INSTALL = YES;
				SUPPORTED_PLATFORMS = "iphoneos iphonesimulator macosx";
				SUPPORTS_MACCATALYST = YES;
				SWIFT_OPTIMIZATION_LEVEL = "-Onone";
				SWIFT_VERSION = 5.0;
				TARGETED_DEVICE_FAMILY = "1,2";
			};
			name = Debug;
		};
		C5C67CC726C6098F004DF50D /* Release */ = {
			isa = XCBuildConfiguration;
			buildSettings = {
				CLANG_ENABLE_MODULES = YES;
				CODE_SIGN_IDENTITY = "";
				CODE_SIGN_STYLE = Automatic;
				DEFINES_MODULE = YES;
				DEVELOPMENT_TEAM = SVT6H48N2C;
				DYLIB_COMPATIBILITY_VERSION = 1;
				DYLIB_CURRENT_VERSION = 1;
				DYLIB_INSTALL_NAME_BASE = "@rpath";
				ENABLE_MODULE_VERIFIER = YES;
				INFOPLIST_FILE = UUSwiftBluetooth/Info.plist;
				INSTALL_PATH = "$(LOCAL_LIBRARY_DIR)/Frameworks";
				LD_RUNPATH_SEARCH_PATHS = (
					"$(inherited)",
					"@executable_path/Frameworks",
					"@loader_path/Frameworks",
				);
				MODULE_VERIFIER_SUPPORTED_LANGUAGE_STANDARDS = "gnu11 gnu++14";
				PRODUCT_BUNDLE_IDENTIFIER = com.silverpine.UUSwiftBluetooth;
				PRODUCT_NAME = "$(TARGET_NAME:c99extidentifier)";
				SKIP_INSTALL = YES;
				SUPPORTED_PLATFORMS = "iphoneos iphonesimulator macosx";
				SUPPORTS_MACCATALYST = YES;
				SWIFT_VERSION = 5.0;
				TARGETED_DEVICE_FAMILY = "1,2";
			};
			name = Release;
		};
/* End XCBuildConfiguration section */

/* Begin XCConfigurationList section */
		08A2092F26C7092E008F3534 /* Build configuration list for PBXNativeTarget "UUSwiftBluetoothTester" */ = {
			isa = XCConfigurationList;
			buildConfigurations = (
				08A2093026C7092E008F3534 /* Debug */,
				08A2093126C7092E008F3534 /* Release */,
			);
			defaultConfigurationIsVisible = 0;
			defaultConfigurationName = Release;
		};
		08F6202D2C27AAD900A93EDC /* Build configuration list for PBXNativeTarget "UUSwiftBluetoothTests" */ = {
			isa = XCConfigurationList;
			buildConfigurations = (
				08F6202E2C27AAD900A93EDC /* Debug */,
				08F6202F2C27AAD900A93EDC /* Release */,
			);
			defaultConfigurationIsVisible = 0;
			defaultConfigurationName = Release;
		};
		08F620422C27BB8D00A93EDC /* Build configuration list for PBXNativeTarget "UUSwiftBluetoothTestHost" */ = {
			isa = XCConfigurationList;
			buildConfigurations = (
				08F620432C27BB8D00A93EDC /* Debug */,
				08F620442C27BB8D00A93EDC /* Release */,
			);
			defaultConfigurationIsVisible = 0;
			defaultConfigurationName = Release;
		};
		C5C67CB726C6098E004DF50D /* Build configuration list for PBXProject "UUSwiftBluetooth" */ = {
			isa = XCConfigurationList;
			buildConfigurations = (
				C5C67CC326C6098F004DF50D /* Debug */,
				C5C67CC426C6098F004DF50D /* Release */,
			);
			defaultConfigurationIsVisible = 0;
			defaultConfigurationName = Release;
		};
		C5C67CC526C6098F004DF50D /* Build configuration list for PBXNativeTarget "UUSwiftBluetooth" */ = {
			isa = XCConfigurationList;
			buildConfigurations = (
				C5C67CC626C6098F004DF50D /* Debug */,
				C5C67CC726C6098F004DF50D /* Release */,
			);
			defaultConfigurationIsVisible = 0;
			defaultConfigurationName = Release;
		};
/* End XCConfigurationList section */

/* Begin XCRemoteSwiftPackageReference section */
		08F620302C27B72500A93EDC /* XCRemoteSwiftPackageReference "UUSwiftTestCore" */ = {
			isa = XCRemoteSwiftPackageReference;
			repositoryURL = "https://github.com/SilverPineSoftware/UUSwiftTestCore.git";
			requirement = {
				kind = upToNextMajorVersion;
				minimumVersion = 0.0.3;
			};
		};
		C5C67CCE26C60A0E004DF50D /* XCRemoteSwiftPackageReference "UUSwiftCore" */ = {
			isa = XCRemoteSwiftPackageReference;
			repositoryURL = "https://github.com/SilverPineSoftware/UUSwiftCore";
			requirement = {
				branch = main;
				kind = branch;
			};
		};
/* End XCRemoteSwiftPackageReference section */

/* Begin XCSwiftPackageProductDependency section */
		08F620312C27B72500A93EDC /* UUSwiftTestCore */ = {
			isa = XCSwiftPackageProductDependency;
			package = 08F620302C27B72500A93EDC /* XCRemoteSwiftPackageReference "UUSwiftTestCore" */;
			productName = UUSwiftTestCore;
		};
		C5C67CCF26C60A0E004DF50D /* UUSwiftCore */ = {
			isa = XCSwiftPackageProductDependency;
			package = C5C67CCE26C60A0E004DF50D /* XCRemoteSwiftPackageReference "UUSwiftCore" */;
			productName = UUSwiftCore;
		};
/* End XCSwiftPackageProductDependency section */
	};
	rootObject = C5C67CB426C6098E004DF50D /* Project object */;
}
